
Microsoft Visual Studio Solution File, Format Version 12.00
# Visual Studio Version 16
VisualStudioVersion = 16.0.28922.388
MinimumVisualStudioVersion = 10.0.40219.1
Project("{FAE04EC0-301F-11D3-BF4B-00C04F79EFBC}") = "demo09.doCatDog", "demo09.doCatDog.csproj", "{FD12727C-9FDB-4447-ADF9-E4417B9911B5}"
EndProject
Global
	GlobalSection(SolutionConfigurationPlatforms) = preSolution
		Debug|Any CPU = Debug|Any CPU
		Release|Any CPU = Release|Any CPU
	EndGlobalSection
	GlobalSection(ProjectConfigurationPlatforms) = postSolution
		{FD12727C-9FDB-4447-ADF9-E4417B9911B5}.Debug|Any CPU.ActiveCfg = Debug|Any CPU
		{FD12727C-9FDB-4447-ADF9-E4417B9911B5}.Debug|Any CPU.Build.0 = Debug|Any CPU
		{FD12727C-9FDB-4447-ADF9-E4417B9911B5}.Release|Any CPU.ActiveCfg = Release|Any CPU
		{FD12727C-9FDB-4447-ADF9-E4417B9911B5}.Release|Any CPU.Build.0 = Release|Any CPU
	EndGlobalSection
	GlobalSection(SolutionProperties) = preSolution
		HideSolutionNode = FALSE
	EndGlobalSection
	GlobalSection(ExtensibilityGlobals) = postSolution
		SolutionGuid = {4EE4DA3F-7284-483A-BF60-31E6DAE2A810}
	EndGlobalSection
EndGlobal
